version = 1
revision = 3
requires-python = ">=3.12"

[[package]]
name = "altgraph"
version = "0.17.5"
source = { registry = "https://pypi.org/simple" }
sdist = { url = "https://files.pythonhosted.org/packages/7e/f8/97fdf103f38fed6792a1601dbc16cc8aac56e7459a9fff08c812d8ae177a/altgraph-0.17.5.tar.gz", hash = "sha256:c87b395dd12fabde9c99573a9749d67da8d29ef9de0125c7f536699b4a9bc9e7", size = 48428, upload-time = "2025-11-21T20:35:50.583Z" }
wheels = [
    { url = "https://files.pythonhosted.org/packages/a9/ba/000a1996d4308bc65120167c21241a3b205464a2e0b58deda26ae8ac21d1/altgraph-0.17.5-py2.py3-none-any.whl", hash = "sha256:f3a22400bce1b0c701683820ac4f3b159cd301acab067c51c653e06961600597", size = 21228, upload-time = "2025-11-21T20:35:49.444Z" },
]

[[package]]
name = "annotated-types"
version = "0.7.0"
source = { registry = "https://pypi.org/simple" }
sdist = { url = "https://files.pythonhosted.org/packages/ee/67/531ea369ba64dcff5ec9c3402f9f51bf748cec26dde048a2f973a4eea7f5/annotated_types-0.7.0.tar.gz", hash = "sha256:aff07c09a53a08bc8cfccb9c85b05f1aa9a2a6f23728d790723543408344ce89", size = 16081, upload-time = "2024-05-20T21:33:25.928Z" }
wheels = [
    { url = "https://files.pythonhosted.org/packages/78/b6/6307fbef88d9b5ee7421e68d78a9f162e0da4900bc5f5793f6d3d0e34fb8/annotated_types-0.7.0-py3-none-any.whl", hash = "sha256:1f02e8b43a8fbbc3f3e0d4f0f4bfc8131bcb4eebe8849b8e5c773f3a1c582a53", size = 13643, upload-time = "2024-05-20T21:33:24.1Z" },
]

[[package]]
name = "anyio"
version = "4.13.0"
source = { registry = "https://pypi.org/simple" }
dependencies = [
    { name = "idna" },
    { name = "typing-extensions", marker = "python_full_version < '3.13'" },
]
sdist = { url = "https://files.pythonhosted.org/packages/19/14/2c5dd9f512b66549ae92767a9c7b330ae88e1932ca57876909410251fe13/anyio-4.13.0.tar.gz", hash = "sha256:334b70e641fd2221c1505b3890c69882fe4a2df910cba14d97019b90b24439dc", size = 231622, upload-time = "2026-03-24T12:59:09.671Z" }
wheels = [
    { url = "https://files.pythonhosted.org/packages/da/42/e921fccf5015463e32a3cf6ee7f980a6ed0f395ceeaa45060b61d86486c2/anyio-4.13.0-py3-none-any.whl", hash = "sha256:08b310f9e24a9594186fd75b4f73f4a4152069e3853f1ed8bfbf58369f4ad708", size = 114353, upload-time = "2026-03-24T12:59:08.246Z" },
]

[[package]]
name = "backend-v2"
version = "0.1.0"
source = { virtual = "." }
dependencies = [
    { name = "fastapi" },
    { name = "httpx" },
    { name = "pydantic" },
    { name = "pydantic-settings" },
    { name = "pyodbc" },
    { name = "python-dotenv" },
    { name = "sqlalchemy" },
]

[package.dev-dependencies]
dev = [
    { name = "pyinstaller" },
    { name = "pytest" },
    { name = "pytest-asyncio" },
    { name = "pytest-mock" },
]

[package.metadata]
requires-dist = [
    { name = "fastapi", specifier = "==0.110.0" },
    { name = "httpx", specifier = "==0.27.0" },
    { name = "pydantic", specifier = "==2.6.3" },
    { name = "pydantic-settings", specifier = "==2.2.1" },
    { name = "pyodbc", specifier = "==5.1.0" },
    { name = "python-dotenv", specifier = "==1.0.1" },
    { name = "sqlalchemy", specifier = "==2.0.28" },
]

[package.metadata.requires-dev]
dev = [
    { name = "pyinstaller", specifier = ">=6.20.0" },
    { name = "pytest", specifier = ">=9.0.3" },
    { name = "pytest-asyncio", specifier = ">=1.3.0" },
    { name = "pytest-mock", specifier = ">=3.15.1" },
]

[[package]]
name = "certifi"
version = "2026.4.22"
source = { registry = "https://pypi.org/simple" }
sdist = { url = "https://files.pythonhosted.org/packages/25/ee/6caf7a40c36a1220410afe15a1cc64993a1f864871f698c0f93acb72842a/certifi-2026.4.22.tar.gz", hash = "sha256:8d455352a37b71bf76a79caa83a3d6c25afee4a385d632127b6afb3963f1c580", size = 137077, upload-time = "2026-04-22T11:26:11.191Z" }
wheels = [
    { url = "https://files.pythonhosted.org/packages/22/30/7cd8fdcdfbc5b869528b079bfb76dcdf6056b1a2097a662e5e8c04f42965/certifi-2026.4.22-py3-none-any.whl", hash = "sha256:3cb2210c8f88ba2318d29b0388d1023c8492ff72ecdde4ebdaddbb13a31b1c4a", size = 135707, upload-time = "2026-04-22T11:26:09.372Z" },
]

[[package]]
name = "colorama"
version = "0.4.6"
source = { registry = "https://pypi.org/simple" }
sdist = { url = "https://files.pythonhosted.org/packages/d8/53/6f443c9a4a8358a93a6792e2acffb9d9d5cb0a5cfd8802644b7b1c9a02e4/colorama-0.4.6.tar.gz", hash = "sha256:08695f5cb7ed6e0531a20572697297273c47b8cae5a63ffc6d6ed5c201be6e44", size = 27697, upload-time = "2022-10-25T02:36:22.414Z" }
wheels = [
    { url = "https://files.pythonhosted.org/packages/d1/d6/3965ed04c63042e047cb6a3e6ed1a63a35087b6a609aa3a15ed8ac56c221/colorama-0.4.6-py2.py3-none-any.whl", hash = "sha256:4f1d9991f5acc0ca119f9d443620b77f9d6b33703e51011c16baf57afb285fc6", size = 25335, upload-time = "2022-10-25T02:36:20.889Z" },
]

[[package]]
name = "fastapi"
version = "0.110.0"
source = { registry = "https://pypi.org/simple" }
dependencies = [
    { name = "pydantic" },
    { name = "starlette" },
    { name = "typing-extensions" },
]
sdist = { url = "https://files.pythonhosted.org/packages/61/53/326977db62bf34bbdfc64acb9414e1881af7ea14e8a062fd1c11a8697616/fastapi-0.110.0.tar.gz", hash = "sha256:266775f0dcc95af9d3ef39bad55cff525329a931d5fd51930aadd4f428bf7ff3", size = 11739266, upload-time = "2024-02-24T23:21:51.479Z" }
wheels = [
    { url = "https://files.pythonhosted.org/packages/f0/f7/ea860cb8aa18e326f411e32ab537424690a53db20de6bad73d70da611fae/fastapi-0.110.0-py3-none-any.whl", hash = "sha256:87a1f6fb632a218222c5984be540055346a8f5d8a68e8f6fb647b1dc9934de4b", size = 92066, upload-time = "2024-02-24T23:21:47.794Z" },
]

[[package]]
name = "greenlet"
version = "3.5.0"
source = { registry = "https://pypi.org/simple" }
sdist = { url = "https://files.pythonhosted.org/packages/3c/3f/dbf99fb14bfeb88c28f16729215478c0e265cacd6dc22270c8f31bb6892f/greenlet-3.5.0.tar.gz", hash = "sha256:d419647372241bc68e957bf38d5c1f98852155e4146bd1e4121adea81f4f01e4", size = 196995, upload-time = "2026-04-27T13:37:15.544Z" }
wheels = [
    { url = "https://files.pythonhosted.org/packages/ef/32/f2ce6d4cac3e55bc6173f92dbe627e782e1850f89d986c3606feb63aafa7/greenlet-3.5.0-cp312-cp312-macosx_11_0_universal2.whl", hash = "sha256:db2910d3c809444e0a20147361f343fe2798e106af8d9d8506f5305302655a9f", size = 286228, upload-time = "2026-04-27T12:20:34.421Z" },
    { url = "https://files.pythonhosted.org/packages/b7/aa/caed9e5adf742315fc7be2a84196373aab4816e540e38ba0d76cb7584d68/greenlet-3.5.0-cp312-cp312-manylinux_2_24_aarch64.manylinux_2_28_aarch64.whl", hash = "sha256:3ec9ea74e7268ace7f9aab1b1a4e730193fc661b39a993cd91c606c32d4a3628", size = 601775, upload-time = "2026-04-27T12:52:41.045Z" },
    { url = "https://files.pythonhosted.org/packages/c7/af/90ae08497400a941595d12774447f752d3dfe0fbb012e35b76bc5c0ff37e/greenlet-3.5.0-cp312-cp312-manylinux_2_24_ppc64le.manylinux_2_28_ppc64le.whl", hash = "sha256:54d243512da35485fc7a6bf3c178fdda6327a9d6506fcdd62b1abd1e41b2927b", size = 614436, upload-time = "2026-04-27T12:59:41.595Z" },
    { url = "https://files.pythonhosted.org/packages/2b/e0/2e13df68f367e2f9960616927d60857dd7e56aaadd59a47c644216b2f920/greenlet-3.5.0-cp312-cp312-manylinux_2_24_x86_64.manylinux_2_28_x86_64.whl", hash = "sha256:9d280a7f5c331622c69f97eb167f33577ff2d1df282c41cd15907fc0a3ca198c", size = 611388, upload-time = "2026-04-27T12:25:28.008Z" },
    { url = "https://files.pythonhosted.org/packages/82/f7/393c64055132ac0d488ef6be549253b7e6274194863967ddc0bc8f5b87b8/greenlet-3.5.0-cp312-cp312-musllinux_1_2_aarch64.whl", hash = "sha256:1eb67d5adefb5bd2e182d42678a328979a209e4e82eb93575708185d31d1f588", size = 1570768, upload-time = "2026-04-27T12:53:28.099Z" },
    { url = "https://files.pythonhosted.org/packages/b8/4b/eaf7735253522cf56d1b74d672a58f54fc114702ceaf05def59aae72f6e1/greenlet-3.5.0-cp312-cp312-musllinux_1_2_x86_64.whl", hash = "sha256:2628d6c86f6cb0cb45e0c3c54058bbec559f57eaae699447748cb3928150577e", size = 1635983, upload-time = "2026-04-27T12:25:26.903Z" },
    { url = "https://files.pythonhosted.org/packages/4c/fe/4fb3a0805bd5165da5ebf858da7cc01cce8061674106d2cf5bdab32cbfde/greenlet-3.5.0-cp312-cp312-win_amd64.whl", hash = "sha256:d4d9f0624c775f2dfc56ba54d515a8c771044346852a918b405914f6b19d7fd8", size = 238840, upload-time = "2026-04-27T12:23:54.806Z" },
    { url = "https://files.pythonhosted.org/packages/cb/cb/baa584cb00532126ffe12d9787db0a60c5a4f55c27bfe2666df5d4c30a32/greenlet-3.5.0-cp312-cp312-win_arm64.whl", hash = "sha256:83ed9f27f1680b50e89f40f6df348a290ea234b249a4003d366663a12eab94f2", size = 235615, upload-time = "2026-04-27T12:21:38.57Z" },
    { url = "https://files.pythonhosted.org/packages/0c/58/fc576f99037ce19c5aa16628e4c3226b6d1419f72a62c79f5f40576e6eb3/greenlet-3.5.0-cp313-cp313-macosx_11_0_universal2.whl", hash = "sha256:5a5ed18de6a0f6cc7087f1563f6bd93fc7df1c19165ca01e9bde5a5dc281d106", size = 285066, upload-time = "2026-04-27T12:23:05.033Z" },
    { url = "https://files.pythonhosted.org/packages/4a/ba/b28ddbe6bfad6a8ac196ef0e8cff37bc65b79735995b9e410923fffeeb70/greenlet-3.5.0-cp313-cp313-manylinux_2_24_aarch64.manylinux_2_28_aarch64.whl", hash = "sha256:3a717fbc46d8a354fa675f7c1e813485b6ba3885f9bef0cd56e5ba27d758ff5b", size = 604414, upload-time = "2026-04-27T12:52:42.358Z" },
    { url = "https://files.pythonhosted.org/packages/09/06/4b69f8f0b67603a8be2790e55107a190b376f2627fe0eaf5695d85ffb3cd/greenlet-3.5.0-cp313-cp313-manylinux_2_24_ppc64le.manylinux_2_28_ppc64le.whl", hash = "sha256:ddc090c5c1792b10246a78e8c2163ebbe04cf877f9d785c230a7b27b39ad038e", size = 617349, upload-time = "2026-04-27T12:59:43.32Z" },
    { url = "https://files.pythonhosted.org/packages/8a/17/a3918541fd0ddefe024a69de6d16aa7b46d36ac19562adaa63c7fa180eff/greenlet-3.5.0-cp313-cp313-manylinux_2_24_x86_64.manylinux_2_28_x86_64.whl", hash = "sha256:2094acd54b272cb6eae8c03dd87b3fa1820a4cef18d6889c378d503500a1dc13", size = 613927, upload-time = "2026-04-27T12:25:30.28Z" },
    { url = "https://files.pythonhosted.org/packages/ee/e1/bd0af6213c7dd33175d8a462d4c1fe1175124ebed4855bc1475a5b5242c2/greenlet-3.5.0-cp313-cp313-musllinux_1_2_aarch64.whl", hash = "sha256:5e05ba267789ea87b5a155cf0e810b1ab88bf18e9e8740813945ceb8ee4350ba", size = 1570893, upload-time = "2026-04-27T12:53:29.483Z" },
    { url = "https://files.pythonhosted.org/packages/9b/2a/0789702f864f5382cb476b93d7a9c823c10472658102ccd65f415747d2e2/greenlet-3.5.0-cp313-cp313-musllinux_1_2_x86_64.whl", hash = "sha256:0ecec963079cd58cbd14723582384f11f166fd58883c15dcbfb342e0bc9b5846", size = 1636060, upload-time = "2026-04-27T12:25:28.845Z" },
    { url = "https://files.pythonhosted.org/packages/b2/8f/22bf9df92bbff0eb07842b60f7e63bf7675a9742df628437a9f02d09137f/greenlet-3.5.0-cp313-cp313-win_amd64.whl", hash = "sha256:728d9667d8f2f586644b748dbd9bb67e50d6a9381767d1357714ea6825bb3bf5", size = 238740, upload-time = "2026-04-27T12:24:01.341Z" },
    { url = "https://files.pythonhosted.org/packages/b6/b7/9c5c3d653bd4ff614277c049ac676422e2c557db47b4fe43e6313fc005dc/greenlet-3.5.0-cp313-cp313-win_arm64.whl", hash = "sha256:47422135b1d308c14b2c6e758beedb1acd33bb91679f5670edf77bf46244722b", size = 235525, upload-time = "2026-04-27T12:23:12.308Z" },
    { url = "https://files.pythonhosted.org/packages/94/5e/a70f31e3e8d961c4ce589c15b28e4225d63704e431a23932a3808cbcc867/greenlet-3.5.0-cp314-cp314-macosx_11_0_universal2.whl", hash = "sha256:f35807464c4c58c55f0d31dfa83c541a5615d825c2fe3d2b95360cf7c4e3c0a8", size = 285564, upload-time = "2026-04-27T12:23:08.555Z" },
    { url = "https://files.pythonhosted.org/packages/af/a6/046c0a28e21833e4086918218cfb3d8bed51c075a1b700f20b9d7861c0f4/greenlet-3.5.0-cp314-cp314-manylinux_2_24_aarch64.manylinux_2_28_aarch64.whl", hash = "sha256:55fa7ea52771be44af0de27d8b80c02cd18c2c3cddde6c847ecebdf72418b6a1", size = 651166, upload-time = "2026-04-27T12:52:43.644Z" },
    { url = "https://files.pythonhosted.org/packages/47/f8/4af27f71c5ff32a7fbc516adb46370d9c4ae2bc7bd3dc7d066ac542b4b15/greenlet-3.5.0-cp314-cp314-manylinux_2_24_ppc64le.manylinux_2_28_ppc64le.whl", hash = "sha256:a97e4821aa710603f94de0da25f25096454d78ffdace5dc77f3a006bc01abba3", size = 663792, upload-time = "2026-04-27T12:59:44.93Z" },
    { url = "https://files.pythonhosted.org/packages/a3/59/1bd6d7428d6ed9106efbb8c52310c60fd04f6672490f452aeaa3829aa436/greenlet-3.5.0-cp314-cp314-manylinux_2_24_x86_64.manylinux_2_28_x86_64.whl", hash = "sha256:8f52a464e4ed91780bdfbbdd2b97197f3accaa629b98c200f4dffada759f3ae7", size = 660933, upload-time = "2026-04-27T12:25:33.276Z" },
    { url = "https://files.pythonhosted.org/packages/83/e4/b903e5a5fae1e8a28cdd32a0cfbfd560b668c25b692f67768822ddc5f40f/greenlet-3.5.0-cp314-cp314-musllinux_1_2_aarch64.whl", hash = "sha256:762612baf1161ccb8437c0161c668a688223cba28e1bf038f4eb47b13e39ccdf", size = 1618401, upload-time = "2026-04-27T12:53:31.062Z" },
    { url = "https://files.pythonhosted.org/packages/0e/e3/5ec408a329acb854fb607a122e1ee5fb3ff649f9a97952948a90803c0d8e/greenlet-3.5.0-cp314-cp314-musllinux_1_2_x86_64.whl", hash = "sha256:57a43c6079a89713522bc4bcb9f75070ecf5d3dbad7792bfe42239362cbf2a16", size = 1682038, upload-time = "2026-04-27T12:25:31.838Z" },
    { url = "https://files.pythonhosted.org/packages/91/20/6b165108058767ee643c55c5c4904d591a830ee2b3c7dbd359828fbc829f/greenlet-3.5.0-cp314-cp314-win_amd64.whl", hash = "sha256:3bc59be3945ae9750b9e7d45067d01ae3fe90ea5f9ade99239dabdd6e28a5033", size = 239835, upload-time = "2026-04-27T12:24:54.136Z" },
    { url = "https://files.pythonhosted.org/packages/4e/62/1c498375cee177b55d980c1db319f26470e5309e54698c8f8fc06c0fd539/greenlet-3.5.0-cp314-cp314-win_arm64.whl", hash = "sha256:a96fcee45e03fe30a62669fd16ab5c9d3c172660d3085605cb1e2d1280d3c988", size = 236862, upload-time = "2026-04-27T12:23:24.957Z" },
    { url = "https://files.pythonhosted.org/packages/78/a8/4522939255bb5409af4e87132f915446bf3622c2c292d14d3c38d128ae82/greenlet-3.5.0-cp314-cp314t-macosx_11_0_universal2.whl", hash = "sha256:a10a732421ab4fec934783ce3e54763470d0181db6e3468f9103a275c3ed1853", size = 293614, upload-time = "2026-04-27T12:24:12.874Z" },
    { url = "https://files.pythonhosted.org/packages/15/5e/8744c52e2c027b5a8772a01561934c8835f869733e101f62075c60430340/greenlet-3.5.0-cp314-cp314t-manylinux_2_24_aarch64.manylinux_2_28_aarch64.whl", hash = "sha256:7fc391b1566f2907d17aaebe78f8855dc45675159a775fcf9e61f8ee0078e87f", size = 650723, upload-time = "2026-04-27T12:52:45.412Z" },
    { url = "https://files.pythonhosted.org/packages/00/ef/7b4c39c03cf46ceca512c5d3f914afd85aa30b2cc9a93015b0dd73e4be6c/greenlet-3.5.0-cp314-cp314t-manylinux_2_24_ppc64le.manylinux_2_28_ppc64le.whl", hash = "sha256:680bd0e7ad5e8daa8a4aa89f68fd6adc834b8a8036dc256533f7e08f4a4b01f7", size = 656529, upload-time = "2026-04-27T12:59:46.295Z" },
    { url = "https://files.pythonhosted.org/packages/0b/b5/c7768f352f5c010f92064d0063f987e7dc0cd290a6d92a34109015ce4aa1/greenlet-3.5.0-cp314-cp314t-manylinux_2_24_x86_64.manylinux_2_28_x86_64.whl", hash = "sha256:ddb36c7d6c9c0a65f18c7258634e0c416c6ab59caac8c987b96f80c2ebda0112", size = 654364, upload-time = "2026-04-27T12:25:35.64Z" },
    { url = "https://files.pythonhosted.org/packages/ef/d0/079ebe12e4b1fc758857ce5be1a5e73f06870f2101e52611d1e71925ce54/greenlet-3.5.0-cp314-cp314t-musllinux_1_2_aarch64.whl", hash = "sha256:e5ddf316ced87539144621453c3aef229575825fe60c604e62bedc4003f372b2", size = 1614204, upload-time = "2026-04-27T12:53:32.618Z" },
    { url = "https://files.pythonhosted.org/packages/6d/89/6c2fb63df3596552d20e58fb4d96669243388cf680cff222758812c7bfaa/greenlet-3.5.0-cp314-cp314t-musllinux_1_2_x86_64.whl", hash = "sha256:4a448128607be0de65342dc9b31be7f948ef4cc0bc8832069350abefd310a8f2", size = 1675480, upload-time = "2026-04-27T12:25:34.168Z" },
    { url = "https://files.pythonhosted.org/packages/15/32/77ee8a6c1564fc345a491a4e85b3bf360e4cf26eac98c4532d2fdb96e01f/greenlet-3.5.0-cp314-cp314t-win_amd64.whl", hash = "sha256:d60097128cb0a1cab9ea541186ea13cd7b847b8449a7787c2e2350da0cb82d86", size = 245324, upload-time = "2026-04-27T12:24:40.295Z" },
]

[[package]]
name = "h11"
version = "0.16.0"
source = { registry = "https://pypi.org/simple" }
sdist = { url = "https://files.pythonhosted.org/packages/01/ee/02a2c011bdab74c6fb3c75474d40b3052059d95df7e73351460c8588d963/h11-0.16.0.tar.gz", hash = "sha256:4e35b956cf45792e4caa5885e69fba00bdbc6ffafbfa020300e549b208ee5ff1", size = 101250, upload-time = "2025-04-24T03:35:25.427Z" }
wheels = [
    { url = "https://files.pythonhosted.org/packages/04/4b/29cac41a4d98d144bf5f6d33995617b185d14b22401f75ca86f384e87ff1/h11-0.16.0-py3-none-any.whl", hash = "sha256:63cf8bbe7522de3bf65932fda1d9c2772064ffb3dae62d55932da54b31cb6c86", size = 37515, upload-time = "2025-04-24T03:35:24.344Z" },
]

[[package]]
name = "httpcore"
version = "1.0.9"
source = { registry = "https://pypi.org/simple" }
dependencies = [
    { name = "certifi" },
    { name = "h11" },
]
sdist = { url = "https://files.pythonhosted.org/packages/06/94/82699a10bca87a5556c9c59b5963f2d039dbd239f25bc2a63907a05a14cb/httpcore-1.0.9.tar.gz", hash = "sha256:6e34463af53fd2ab5d807f399a9b45ea31c3dfa2276f15a2c3f00afff6e176e8", size = 85484, upload-time = "2025-04-24T22:06:22.219Z" }
wheels = [
    { url = "https://files.pythonhosted.org/packages/7e/f5/f66802a942d491edb555dd61e3a9961140fd64c90bce1eafd741609d334d/httpcore-1.0.9-py3-none-any.whl", hash = "sha256:2d400746a40668fc9dec9810239072b40b4484b640a8c38fd654a024c7a1bf55", size = 78784, upload-time = "2025-04-24T22:06:20.566Z" },
]

[[package]]
name = "httpx"
version = "0.27.0"
source = { registry = "https://pypi.org/simple" }
dependencies = [
    { name = "anyio" },
    { name = "certifi" },
    { name = "httpcore" },
    { name = "idna" },
    { name = "sniffio" },
]
sdist = { url = "https://files.pythonhosted.org/packages/5c/2d/3da5bdf4408b8b2800061c339f240c1802f2e82d55e50bd39c5a881f47f0/httpx-0.27.0.tar.gz", hash = "sha256:a0cb88a46f32dc874e04ee956e4c2764aba2aa228f650b06788ba6bda2962ab5", size = 126413, upload-time = "2024-02-21T13:07:52.434Z" }
wheels = [
    { url = "https://files.pythonhosted.org/packages/41/7b/ddacf6dcebb42466abd03f368782142baa82e08fc0c1f8eaa05b4bae87d5/httpx-0.27.0-py3-none-any.whl", hash = "sha256:71d5465162c13681bff01ad59b2cc68dd838ea1f10e51574bac27103f00c91a5", size = 75590, upload-time = "2024-02-21T13:07:50.455Z" },
]

[[package]]
name = "idna"
version = "3.13"
source = { registry = "https://pypi.org/simple" }
sdist = { url = "https://files.pythonhosted.org/packages/ce/cc/762dfb036166873f0059f3b7de4565e1b5bc3d6f28a414c13da27e442f99/idna-3.13.tar.gz", hash = "sha256:585ea8fe5d69b9181ec1afba340451fba6ba764af97026f92a91d4eef164a242", size = 194210, upload-time = "2026-04-22T16:42:42.314Z" }
wheels = [
    { url = "https://files.pythonhosted.org/packages/5d/13/ad7d7ca3808a898b4612b6fe93cde56b53f3034dcde235acb1f0e1df24c6/idna-3.13-py3-none-any.whl", hash = "sha256:892ea0cde124a99ce773decba204c5552b69c3c67ffd5f232eb7696135bc8bb3", size = 68629, upload-time = "2026-04-22T16:42:40.909Z" },
]

[[package]]
name = "iniconfig"
version = "2.3.0"
source = { registry = "https://pypi.org/simple" }
sdist = { url = "https://files.pythonhosted.org/packages/72/34/14ca021ce8e5dfedc35312d08ba8bf51fdd999c576889fc2c24cb97f4f10/iniconfig-2.3.0.tar.gz", hash = "sha256:c76315c77db068650d49c5b56314774a7804df16fee4402c1f19d6d15d8c4730", size = 20503, upload-time = "2025-10-18T21:55:43.219Z" }
wheels = [
    { url = "https://files.pythonhosted.org/packages/cb/b1/3846dd7f199d53cb17f49cba7e651e9ce294d8497c8c150530ed11865bb8/iniconfig-2.3.0-py3-none-any.whl", hash = "sha256:f631c04d2c48c52b84d0d0549c99ff3859c98df65b3101406327ecc7d53fbf12", size = 7484, upload-time = "2025-10-18T21:55:41.639Z" },
]

[[package]]
name = "macholib"
version = "1.16.4"
source = { registry = "https://pypi.org/simple" }
dependencies = [
    { name = "altgraph" },
]
sdist = { url = "https://files.pythonhosted.org/packages/10/2f/97589876ea967487978071c9042518d28b958d87b17dceb7cdc1d881f963/macholib-1.16.4.tar.gz", hash = "sha256:f408c93ab2e995cd2c46e34fe328b130404be143469e41bc366c807448979362", size = 59427, upload-time = "2025-11-22T08:28:38.373Z" }
wheels = [
    { url = "https://files.pythonhosted.org/packages/c7/d1/a9f36f8ecdf0fb7c9b1e78c8d7af12b8c8754e74851ac7b94a8305540fc7/macholib-1.16.4-py2.py3-none-any.whl", hash = "sha256:da1a3fa8266e30f0ce7e97c6a54eefaae8edd1e5f86f3eb8b95457cae90265ea", size = 38117, upload-time = "2025-11-22T08:28:36.939Z" },
]

[[package]]
name = "packaging"
version = "26.2"
source = { registry = "https://pypi.org/simple" }
sdist = { url = "https://files.pythonhosted.org/packages/d7/f1/e7a6dd94a8d4a5626c03e4e99c87f241ba9e350cd9e6d75123f992427270/packaging-26.2.tar.gz", hash = "sha256:ff452ff5a3e828ce110190feff1178bb1f2ea2281fa2075aadb987c2fb221661", size = 228134, upload-time = "2026-04-24T20:15:23.917Z" }
wheels = [
    { url = "https://files.pythonhosted.org/packages/df/b2/87e62e8c3e2f4b32e5fe99e0b86d576da1312593b39f47d8ceef365e95ed/packaging-26.2-py3-none-any.whl", hash = "sha256:5fc45236b9446107ff2415ce77c807cee2862cb6fac22b8a73826d0693b0980e", size = 100195, upload-time = "2026-04-24T20:15:22.081Z" },
]

[[package]]
name = "pefile"
version = "2024.8.26"
source = { registry = "https://pypi.org/simple" }
sdist = { url = "https://files.pythonhosted.org/packages/03/4f/2750f7f6f025a1507cd3b7218691671eecfd0bbebebe8b39aa0fe1d360b8/pefile-2024.8.26.tar.gz", hash = "sha256:3ff6c5d8b43e8c37bb6e6dd5085658d658a7a0bdcd20b6a07b1fcfc1c4e9d632", size = 76008, upload-time = "2024-08-26T20:58:38.155Z" }
wheels = [
    { url = "https://files.pythonhosted.org/packages/54/16/12b82f791c7f50ddec566873d5bdd245baa1491bac11d15ffb98aecc8f8b/pefile-2024.8.26-py3-none-any.whl", hash = "sha256:76f8b485dcd3b1bb8166f1128d395fa3d87af26360c2358fb75b80019b957c6f", size = 74766, upload-time = "2024-08-26T21:01:02.632Z" },
]

[[package]]
name = "pluggy"
version = "1.6.0"
source = { registry = "https://pypi.org/simple" }
sdist = { url = "https://files.pythonhosted.org/packages/f9/e2/3e91f31a7d2b083fe6ef3fa267035b518369d9511ffab804f839851d2779/pluggy-1.6.0.tar.gz", hash = "sha256:7dcc130b76258d33b90f61b658791dede3486c3e6bfb003ee5c9bfb396dd22f3", size = 69412, upload-time = "2025-05-15T12:30:07.975Z" }
wheels = [
    { url = "https://files.pythonhosted.org/packages/54/20/4d324d65cc6d9205fabedc306948156824eb9f0ee1633355a8f7ec5c66bf/pluggy-1.6.0-py3-none-any.whl", hash = "sha256:e920276dd6813095e9377c0bc5566d94c932c33b27a3e3945d8389c374dd4746", size = 20538, upload-time = "2025-05-15T12:30:06.134Z" },
]

[[package]]
name = "pydantic"
version = "2.6.3"
source = { registry = "https://pypi.org/simple" }
dependencies = [
    { name = "annotated-types" },
    { name = "pydantic-core" },
    { name = "typing-extensions" },
]
sdist = { url = "https://files.pythonhosted.org/packages/3c/6c/5d3b1c9615726a69a9a1f992e63f8fd0a2d19ae726c15eb9154fdce48217/pydantic-2.6.3.tar.gz", hash = "sha256:e07805c4c7f5c6826e33a1d4c9d47950d7eaf34868e2690f8594d2e30241f11f", size = 680427, upload-time = "2024-02-27T19:02:00.747Z" }
wheels = [
    { url = "https://files.pythonhosted.org/packages/ac/86/c98520827f58c8753783be4bf2286b4f73a18ac71c93ab597ae1aeb26fc8/pydantic-2.6.3-py3-none-any.whl", hash = "sha256:72c6034df47f46ccdf81869fddb81aade68056003900a8724a4f160700016a2a", size = 395171, upload-time = "2024-02-27T19:01:57.382Z" },
]

[[package]]
name = "pydantic-core"
version = "2.16.3"
source = { registry = "https://pypi.org/simple" }
dependencies = [
    { name = "typing-extensions" },
]
sdist = { url = "https://files.pythonhosted.org/packages/77/3f/65dbe5231946fe02b4e6ea92bc303d2462f45d299890fd5e8bfe4d1c3d66/pydantic_core-2.16.3.tar.gz", hash = "sha256:1cac689f80a3abab2d3c0048b29eea5751114054f032a941a32de4c852c59cad", size = 368930, upload-time = "2024-02-23T13:21:12.898Z" }
wheels = [
    { url = "https://files.pythonhosted.org/packages/03/c8/9afd3a316123806d7bff177beba7906ab9dd267845ae42f98f051d2250a0/pydantic_core-2.16.3-cp312-cp312-macosx_10_12_x86_64.whl", hash = "sha256:0f56ae86b60ea987ae8bcd6654a887238fd53d1384f9b222ac457070b7ac4cff", size = 1900858, upload-time = "2024-02-23T13:19:05.441Z" },
    { url = "https://files.pythonhosted.org/packages/e7/b2/b6eef8d0a914e44826785cc99cd7a1711c2eea2dfc69bc3aefc3be507234/pydantic_core-2.16.3-cp312-cp312-macosx_11_0_arm64.whl", hash = "sha256:c9bd22a2a639e26171068f8ebb5400ce2c1bc7d17959f60a3b753ae13c632975", size = 1710501, upload-time = "2024-02-23T13:19:07.407Z" },
    { url = "https://files.pythonhosted.org/packages/3c/82/b79a75a6f5b19f7f43b08671f6b818a335b5d970b9e50a39acd3f07aed32/pydantic_core-2.16.3-cp312-cp312-manylinux_2_17_aarch64.manylinux2014_aarch64.whl", hash = "sha256:4204e773b4b408062960e65468d5346bdfe139247ee5f1ca2a378983e11388a2", size = 1858820, upload-time = "2024-02-23T13:19:09.316Z" },
    { url = "https://files.pythonhosted.org/packages/60/7e/5bdb72aa8f1de0a0e38194dd261b5335747ef8d9bf3421fc960498442830/pydantic_core-2.16.3-cp312-cp312-manylinux_2_17_armv7l.manylinux2014_armv7l.whl", hash = "sha256:f651dd19363c632f4abe3480a7c87a9773be27cfe1341aef06e8759599454120", size = 1851491, upload-time = "2024-02-23T13:19:11.066Z" },
    { url = "https://files.pythonhosted.org/packages/d7/d9/b3d217a092bf23b143e59a691d61598c308386293c310ff6746a0c8ed6a5/pydantic_core-2.16.3-cp312-cp312-manylinux_2_17_ppc64le.manylinux2014_ppc64le.whl", hash = "sha256:aaf09e615a0bf98d406657e0008e4a8701b11481840be7d31755dc9f97c44053", size = 2046483, upload-time = "2024-02-23T13:19:13.326Z" },
    { url = "https://files.pythonhosted.org/packages/54/c0/7ecafb2dad658078bf28e4045a29a7b2de76319ebbc8cf7ef177d17e4d9e/pydantic_core-2.16.3-cp312-cp312-manylinux_2_17_s390x.manylinux2014_s390x.whl", hash = "sha256:8e47755d8152c1ab5b55928ab422a76e2e7b22b5ed8e90a7d584268dd49e9c6b", size = 2937056, upload-time = "2024-02-23T13:19:15.256Z" },
    { url = "https://files.pythonhosted.org/packages/dc/df/cd1cdd79a307c06fbea11be2cd8f361604b82f9b28c7712bd1220c44f226/pydantic_core-2.16.3-cp312-cp312-manylinux_2_17_x86_64.manylinux2014_x86_64.whl", hash = "sha256:500960cb3a0543a724a81ba859da816e8cf01b0e6aaeedf2c3775d12ee49cade", size = 2156558, upload-time = "2024-02-23T13:19:17.068Z" },
    { url = "https://files.pythonhosted.org/packages/7c/6e/3c188b11eef09d15702f3808bf6d0b2828a4268fb4be19ac7a2ef4f6a8c7/pydantic_core-2.16.3-cp312-cp312-manylinux_2_5_i686.manylinux1_i686.whl", hash = "sha256:cf6204fe865da605285c34cf1172879d0314ff267b1c35ff59de7154f35fdc2e", size = 1926070, upload-time = "2024-02-23T13:19:18.786Z" },
    { url = "https://files.pythonhosted.org/packages/46/28/cb10d96904bd7483a6237855e427876e72c369ec100d6c946d468257bbb8/pydantic_core-2.16.3-cp312-cp312-musllinux_1_1_aarch64.whl", hash = "sha256:d33dd21f572545649f90c38c227cc8631268ba25c460b5569abebdd0ec5974ca", size = 2034580, upload-time = "2024-02-23T13:19:20.72Z" },
    { url = "https://files.pythonhosted.org/packages/af/9b/3eb4c9dc8712543424b1731c44d3597f56ed4be3bdfbec3f9a45111b774a/pydantic_core-2.16.3-cp312-cp312-musllinux_1_1_x86_64.whl", hash = "sha256:49d5d58abd4b83fb8ce763be7794d09b2f50f10aa65c0f0c1696c677edeb7cbf", size = 2167261, upload-time = "2024-02-23T13:19:22.702Z" },
    { url = "https://files.pythonhosted.org/packages/d5/a2/e320fd95c61c7420908b318a74f76f562a8434180c3e60fa880b3c2d4338/pydantic_core-2.16.3-cp312-none-win32.whl", hash = "sha256:f53aace168a2a10582e570b7736cc5bef12cae9cf21775e3eafac597e8551fbe", size = 1755601, upload-time = "2024-02-23T13:19:25.036Z" },
    { url = "https://files.pythonhosted.org/packages/21/58/88e734fd2e5bd894e3eccd41be3169b8292e820ef82337f17ec4291c0668/pydantic_core-2.16.3-cp312-none-win_amd64.whl", hash = "sha256:0d32576b1de5a30d9a97f300cc6a3f4694c428d956adbc7e6e2f9cad279e45ed", size = 1867737, upload-time = "2024-02-23T13:19:27.785Z" },
    { url = "https://files.pythonhosted.org/packages/42/cb/c44678e6f3b517bd89beebc2bd0afc440674b9820d008ef3d0fac482476a/pydantic_core-2.16.3-cp312-none-win_arm64.whl", hash = "sha256:ec08be75bb268473677edb83ba71e7e74b43c008e4a7b1907c6d57e940bf34b6", size = 1848305, upload-time = "2024-02-23T13:19:29.998Z" },
]

[[package]]
name = "pydantic-settings"
version = "2.2.1"
source = { registry = "https://pypi.org/simple" }
dependencies = [
    { name = "pydantic" },
    { name = "python-dotenv" },
]
sdist = { url = "https://files.pythonhosted.org/packages/00/a4/89191c3cce6e6f79b734bfe81d3a8f176d21b57b034689cfbdc57d61c412/pydantic_settings-2.2.1.tar.gz", hash = "sha256:00b9f6a5e95553590434c0fa01ead0b216c3e10bc54ae02e37f359948643c5ed", size = 35495, upload-time = "2024-02-19T19:50:21.398Z" }
wheels = [
    { url = "https://files.pythonhosted.org/packages/99/ee/24ec87e3a91426497c5a2b9880662d19cfd640342d477334ebc60fc2c276/pydantic_settings-2.2.1-py3-none-any.whl", hash = "sha256:0235391d26db4d2190cb9b31051c4b46882d28a51533f97440867f012d4da091", size = 13150, upload-time = "2024-02-19T19:50:19.747Z" },
]

[[package]]
name = "pygments"
version = "2.20.0"
source = { registry = "https://pypi.org/simple" }
sdist = { url = "https://files.pythonhosted.org/packages/c3/b2/bc9c9196916376152d655522fdcebac55e66de6603a76a02bca1b6414f6c/pygments-2.20.0.tar.gz", hash = "sha256:6757cd03768053ff99f3039c1a36d6c0aa0b263438fcab17520b30a303a82b5f", size = 4955991, upload-time = "2026-03-29T13:29:33.898Z" }
wheels = [
    { url = "https://files.pythonhosted.org/packages/f4/7e/a72dd26f3b0f4f2bf1dd8923c85f7ceb43172af56d63c7383eb62b332364/pygments-2.20.0-py3-none-any.whl", hash = "sha256:81a9e26dd42fd28a23a2d169d86d7ac03b46e2f8b59ed4698fb4785f946d0176", size = 1231151, upload-time = "2026-03-29T13:29:30.038Z" },
]

[[package]]
name = "pyinstaller"
version = "6.20.0"
source = { registry = "https://pypi.org/simple" }
dependencies = [
    { name = "altgraph" },
    { name = "macholib", marker = "sys_platform == 'darwin'" },
    { name = "packaging" },
    { name = "pefile", marker = "sys_platform == 'win32'" },
    { name = "pyinstaller-hooks-contrib" },
    { name = "pywin32-ctypes", marker = "sys_platform == 'win32'" },
    { name = "setuptools" },
]
sdist = { url = "https://files.pythonhosted.org/packages/46/60/d03d52e6690d4e9caf333dcd14550cde634ce6c118b3bc8fa3112c3186fd/pyinstaller-6.20.0.tar.gz", hash = "sha256:95c5c7e03d5d61e9dfb8ef259c699cf492bb1041beb6dbe83696608cec07347a", size = 4048728, upload-time = "2026-04-22T20:59:36.96Z" }
wheels = [
    { url = "https://files.pythonhosted.org/packages/d0/e4/e228d6d1bbb7fd62dc660a8fb202a583b023d3a3624ca95d1a9290ee4d6a/pyinstaller-6.20.0-py3-none-macosx_10_13_universal2.whl", hash = "sha256:bf3be4e1284ee78ddccba5e29f99443a12a7b4673168288ffc4c9d38c6f7b90e", size = 1047642, upload-time = "2026-04-22T20:58:32.006Z" },
    { url = "https://files.pythonhosted.org/packages/ce/bd/afb631bcb3f9040efebd4f6d067f0828b51710818f69fb41a2d4b7787f52/pyinstaller-6.20.0-py3-none-manylinux2014_aarch64.whl", hash = "sha256:72ae9c1fdea134afa791f58bdc9a1934d5c7609753c111e0026bfc272b32b712", size = 742494, upload-time = "2026-04-22T20:58:36.285Z" },
    { url = "https://files.pythonhosted.org/packages/76/08/0729a5bac14754150e5d83b39d87d842eb42b0bffcaa03dbad6252e23a39/pyinstaller-6.20.0-py3-none-manylinux2014_i686.whl", hash = "sha256:1031bcc307f3fbeffd4e162723e64d46dbf591c82dd0997413afb2a07328b941", size = 754191, upload-time = "2026-04-22T20:58:40.603Z" },
    { url = "https://files.pythonhosted.org/packages/e6/82/bc0ee4c7b97db1958eb651e0da9fb1e672e5ae53ca8867fd97701de52906/pyinstaller-6.20.0-py3-none-manylinux2014_ppc64le.whl", hash = "sha256:8df3b3f347659fa2562d8d193a98ad4600133b8b8d07c268df89e4154376750e", size = 751902, upload-time = "2026-04-22T20:58:44.7Z" },
    { url = "https://files.pythonhosted.org/packages/3d/e7/770002d6aaa54173881cb2c49bb195ba67b97bf39bac1cdf320f28401629/pyinstaller-6.20.0-py3-none-manylinux2014_s390x.whl", hash = "sha256:b0d3cc9dd8120d448459bd3880a12e2f9774c51443af49047801446377999a59", size = 748634, upload-time = "2026-04-22T20:58:48.579Z" },
    { url = "https://files.pythonhosted.org/packages/fe/db/68ba1fccb71278b2124fb90b37b7c8c0bc4c1173fba45b94466df3d9cb7f/pyinstaller-6.20.0-py3-none-manylinux2014_x86_64.whl", hash = "sha256:03696bb6350177c6bc23bcaf78e71a33c4a89b6754dd90d1be2f318e978c918b", size = 748490, upload-time = "2026-04-22T20:58:52.749Z" },
    { url = "https://files.pythonhosted.org/packages/03/0f/ac77ffa996a56be3d5c8f85734a007f8347240691657f9704e7de2527fa3/pyinstaller-6.20.0-py3-none-musllinux_1_1_aarch64.whl", hash = "sha256:6357f1699f6af84f37e7367f031d4f68abdba65543b83990c9e8f5a4cebed0b7", size = 747650, upload-time = "2026-04-22T20:58:57.093Z" },
    { url = "https://files.pythonhosted.org/packages/e0/56/1ee91c3a2bc10ca1f36da10a6fd55ff7efc4dec367171eb25992a827874f/pyinstaller-6.20.0-py3-none-musllinux_1_1_x86_64.whl", hash = "sha256:0ab39c690abad26ba148e8f664f0478acc82a733997f4f22e757774832802da9", size = 747413, upload-time = "2026-04-22T20:59:01.174Z" },
    { url = "https://files.pythonhosted.org/packages/d7/55/ae264339996953c4cdf9d89d916a0a8fa26a83cf917a742fff8b9d5f3fe8/pyinstaller-6.20.0-py3-none-win32.whl", hash = "sha256:9a7637e8e44b4387b13667fdcaac86ab6b29c446c16d34d8401539b81838759c", size = 1331584, upload-time = "2026-04-22T20:59:07.201Z" },
    { url = "https://files.pythonhosted.org/packages/76/8c/300f57578882cce259bfb5ae56fda3b69caa3fe9df40a176c719920ea6e2/pyinstaller-6.20.0-py3-none-win_amd64.whl", hash = "sha256:d588844e890ee80c4365867f98146636e1849bbca8e4284bbf0c809aff0f161a", size = 1391851, upload-time = "2026-04-22T20:59:14.024Z" },
    { url = "https://files.pythonhosted.org/packages/8a/ea/b2f8e1642aecda78c0b75c7321f708e49e10bb3c00dd4f148c40761a1527/pyinstaller-6.20.0-py3-none-win_arm64.whl", hash = "sha256:bd53282c0a73e5c95573e1ddc8e5d564d4932bec91efbaed4dc5fdff9c2ae7f2", size = 1332259, upload-time = "2026-04-22T20:59:20.509Z" },
]

[[package]]
name = "pyinstaller-hooks-contrib"
version = "2026.5"
source = { registry = "https://pypi.org/simple" }
dependencies = [
    { name = "packaging" },
    { name = "setuptools" },
]
sdist = { url = "https://files.pythonhosted.org/packages/1a/67/f4452d68793fb15beba4f19ef39a38a8822f0da7452b503c400d5a21f5c1/pyinstaller_hooks_contrib-2026.5.tar.gz", hash = "sha256:f066dfca8f7c45ff6336c9cf9fe25b4e48bfeb322a1aa24faaedfb8a8d1b0b08", size = 173689, upload-time = "2026-05-04T22:36:55.124Z" }
wheels = [
    { url = "https://files.pythonhosted.org/packages/f6/5c/fd465d11da4d12b50d7eb5d2ee2ceb780d8d049dbb489f3828d131e387af/pyinstaller_hooks_contrib-2026.5-py3-none-any.whl", hash = "sha256:ea1535783fbdac4626351709e83f3ea80b681d3a4745763ebb407b5e27342eb9", size = 457314, upload-time = "2026-05-04T22:36:53.598Z" },
]

[[package]]
name = "pyodbc"
version = "5.1.0"
source = { registry = "https://pypi.org/simple" }
sdist = { url = "https://files.pythonhosted.org/packages/d5/5b/a93f7017d4df84c3971cf60ee935149f12e0d1e111febc67ba2e23015a79/pyodbc-5.1.0.tar.gz", hash = "sha256:397feee44561a6580be08cedbe986436859563f4bb378f48224655c8e987ea60", size = 115450, upload-time = "2024-02-05T16:53:11.309Z" }
wheels = [
    { url = "https://files.pythonhosted.org/packages/ad/ca/a95dffabbd52b1fbdde7e54c2995a88df60a40a538cc257c57e0ca2a9a03/pyodbc-5.1.0-cp312-cp312-macosx_10_9_x86_64.whl", hash = "sha256:d3d9cc4af703c4817b6e604315910b0cf5dcb68056d52b25ca072dd59c52dcbc", size = 73192, upload-time = "2024-02-05T16:52:42.439Z" },
    { url = "https://files.pythonhosted.org/packages/04/0e/3948f989f0f9c123885848a7e931775d1730a1a0263b04531693bfa51650/pyodbc-5.1.0-cp312-cp312-macosx_11_0_arm64.whl", hash = "sha256:406b8fa2133a7b6a713aa5187dba2d08cf763b5884606bed77610a7660fdfabe", size = 72227, upload-time = "2024-02-05T16:52:43.592Z" },
    { url = "https://files.pythonhosted.org/packages/81/65/555af79473f9b5ce70d826303487bc62842f1607b254fc46f12d204a1718/pyodbc-5.1.0-cp312-cp312-manylinux_2_17_aarch64.manylinux2014_aarch64.whl", hash = "sha256:f8488c3818f12207650836c5c6f7352f9ff9f56a05a05512145995e497c0bbb1", size = 347181, upload-time = "2024-02-05T16:52:44.927Z" },
    { url = "https://files.pythonhosted.org/packages/db/41/08495c42ba0430ba74b039537426925cd71a7ff04d094a3a04eb8ca9febe/pyodbc-5.1.0-cp312-cp312-manylinux_2_17_x86_64.manylinux2014_x86_64.whl", hash = "sha256:b0df69e3a500791b70b5748c68a79483b24428e4c16027b56aa0305e95c143a4", size = 352977, upload-time = "2024-02-05T16:52:46.899Z" },
    { url = "https://files.pythonhosted.org/packages/80/d7/c8563abacf048916bc763f090c7aa88198cfcf60f1faead5c92b66260c3b/pyodbc-5.1.0-cp312-cp312-win32.whl", hash = "sha256:aa4e02d3a9bf819394510b726b25f1566f8b3f0891ca400ad2d4c8b86b535b78", size = 62817, upload-time = "2024-02-05T16:52:48.686Z" },
    { url = "https://files.pythonhosted.org/packages/71/6e/6b8ec142713bbb8e34da6b73cf281699904823e1a61f9a78b6cbda92301a/pyodbc-5.1.0-cp312-cp312-win_amd64.whl", hash = "sha256:33f4984af38872e7bdec78007a34e4d43ae72bf9d0bae3344e79d9d0db157c0e", size = 69259, upload-time = "2024-02-05T16:52:49.787Z" },
]

[[package]]
name = "pytest"
version = "9.0.3"
source = { registry = "https://pypi.org/simple" }
dependencies = [
    { name = "colorama", marker = "sys_platform == 'win32'" },
    { name = "iniconfig" },
    { name = "packaging" },
    { name = "pluggy" },
    { name = "pygments" },
]
sdist = { url = "https://files.pythonhosted.org/packages/7d/0d/549bd94f1a0a402dc8cf64563a117c0f3765662e2e668477624baeec44d5/pytest-9.0.3.tar.gz", hash = "sha256:b86ada508af81d19edeb213c681b1d48246c1a91d304c6c81a427674c17eb91c", size = 1572165, upload-time = "2026-04-07T17:16:18.027Z" }
wheels = [
    { url = "https://files.pythonhosted.org/packages/d4/24/a372aaf5c9b7208e7112038812994107bc65a84cd00e0354a88c2c77a617/pytest-9.0.3-py3-none-any.whl", hash = "sha256:2c5efc453d45394fdd706ade797c0a81091eccd1d6e4bccfcd476e2b8e0ab5d9", size = 375249, upload-time = "2026-04-07T17:16:16.13Z" },
]

[[package]]
name = "pytest-asyncio"
version = "1.3.0"
source = { registry = "https://pypi.org/simple" }
dependencies = [
    { name = "pytest" },
    { name = "typing-extensions", marker = "python_full_version < '3.13'" },
]
sdist = { url = "https://files.pythonhosted.org/packages/90/2c/8af215c0f776415f3590cac4f9086ccefd6fd463befeae41cd4d3f193e5a/pytest_asyncio-1.3.0.tar.gz", hash = "sha256:d7f52f36d231b80ee124cd216ffb19369aa168fc10095013c6b014a34d3ee9e5", size = 50087, upload-time = "2025-11-10T16:07:47.256Z" }
wheels = [
    { url = "https://files.pythonhosted.org/packages/e5/35/f8b19922b6a25bc0880171a2f1a003eaeb93657475193ab516fd87cac9da/pytest_asyncio-1.3.0-py3-none-any.whl", hash = "sha256:611e26147c7f77640e6d0a92a38ed17c3e9848063698d5c93d5aa7aa11cebff5", size = 15075, upload-time = "2025-11-10T16:07:45.537Z" },
]

[[package]]
name = "pytest-mock"
version = "3.15.1"
source = { registry = "https://pypi.org/simple" }
dependencies = [
    { name = "pytest" },
]
sdist = { url = "https://files.pythonhosted.org/packages/68/14/eb014d26be205d38ad5ad20d9a80f7d201472e08167f0bb4361e251084a9/pytest_mock-3.15.1.tar.gz", hash = "sha256:1849a238f6f396da19762269de72cb1814ab44416fa73a8686deac10b0d87a0f", size = 34036, upload-time = "2025-09-16T16:37:27.081Z" }
wheels = [
    { url = "https://files.pythonhosted.org/packages/5a/cc/06253936f4a7fa2e0f48dfe6d851d9c56df896a9ab09ac019d70b760619c/pytest_mock-3.15.1-py3-none-any.whl", hash = "sha256:0a25e2eb88fe5168d535041d09a4529a188176ae608a6d249ee65abc0949630d", size = 10095, upload-time = "2025-09-16T16:37:25.734Z" },
]

[[package]]
name = "python-dotenv"
version = "1.0.1"
source = { registry = "https://pypi.org/simple" }
sdist = { url = "https://files.pythonhosted.org/packages/bc/57/e84d88dfe0aec03b7a2d4327012c1627ab5f03652216c63d49846d7a6c58/python-dotenv-1.0.1.tar.gz", hash = "sha256:e324ee90a023d808f1959c46bcbc04446a10ced277783dc6ee09987c37ec10ca", size = 39115, upload-time = "2024-01-23T06:33:00.505Z" }
wheels = [
    { url = "https://files.pythonhosted.org/packages/6a/3e/b68c118422ec867fa7ab88444e1274aa40681c606d59ac27de5a5588f082/python_dotenv-1.0.1-py3-none-any.whl", hash = "sha256:f7b63ef50f1b690dddf550d03497b66d609393b40b564ed0d674909a68ebf16a", size = 19863, upload-time = "2024-01-23T06:32:58.246Z" },
]

[[package]]
name = "pywin32-ctypes"
version = "0.2.3"
source = { registry = "https://pypi.org/simple" }
sdist = { url = "https://files.pythonhosted.org/packages/85/9f/01a1a99704853cb63f253eea009390c88e7131c67e66a0a02099a8c917cb/pywin32-ctypes-0.2.3.tar.gz", hash = "sha256:d162dc04946d704503b2edc4d55f3dba5c1d539ead017afa00142c38b9885755", size = 29471, upload-time = "2024-08-14T10:15:34.626Z" }
wheels = [
    { url = "https://files.pythonhosted.org/packages/de/3d/8161f7711c017e01ac9f008dfddd9410dff3674334c233bde66e7ba65bbf/pywin32_ctypes-0.2.3-py3-none-any.whl", hash = "sha256:8a1513379d709975552d202d942d9837758905c8d01eb82b8bcc30918929e7b8", size = 30756, upload-time = "2024-08-14T10:15:33.187Z" },
]

[[package]]
name = "setuptools"
version = "82.0.1"
source = { registry = "https://pypi.org/simple" }
sdist = { url = "https://files.pythonhosted.org/packages/4f/db/cfac1baf10650ab4d1c111714410d2fbb77ac5a616db26775db562c8fab2/setuptools-82.0.1.tar.gz", hash = "sha256:7d872682c5d01cfde07da7bccc7b65469d3dca203318515ada1de5eda35efbf9", size = 1152316, upload-time = "2026-03-09T12:47:17.221Z" }
wheels = [
    { url = "https://files.pythonhosted.org/packages/9d/76/f789f7a86709c6b087c5a2f52f911838cad707cc613162401badc665acfe/setuptools-82.0.1-py3-none-any.whl", hash = "sha256:a59e362652f08dcd477c78bb6e7bd9d80a7995bc73ce773050228a348ce2e5bb", size = 1006223, upload-time = "2026-03-09T12:47:15.026Z" },
]

[[package]]
name = "sniffio"
version = "1.3.1"
source = { registry = "https://pypi.org/simple" }
sdist = { url = "https://files.pythonhosted.org/packages/a2/87/a6771e1546d97e7e041b6ae58d80074f81b7d5121207425c964ddf5cfdbd/sniffio-1.3.1.tar.gz", hash = "sha256:f4324edc670a0f49750a81b895f35c3adb843cca46f0530f79fc1babb23789dc", size = 20372, upload-time = "2024-02-25T23:20:04.057Z" }
wheels = [
    { url = "https://files.pythonhosted.org/packages/e9/44/75a9c9421471a6c4805dbf2356f7c181a29c1879239abab1ea2cc8f38b40/sniffio-1.3.1-py3-none-any.whl", hash = "sha256:2f6da418d1f1e0fddd844478f41680e794e6051915791a034ff65e5f100525a2", size = 10235, upload-time = "2024-02-25T23:20:01.196Z" },
]

[[package]]
name = "sqlalchemy"
version = "2.0.28"
source = { registry = "https://pypi.org/simple" }
dependencies = [
    { name = "greenlet", marker = "platform_machine == 'AMD64' or platform_machine == 'WIN32' or platform_machine == 'aarch64' or platform_machine == 'amd64' or platform_machine == 'ppc64le' or platform_machine == 'win32' or platform_machine == 'x86_64'" },
    { name = "typing-extensions" },
]
sdist = { url = "https://files.pythonhosted.org/packages/3a/23/cc8844d4873ec0485f961c047ca831040c3ba7ecf9d88ec6f9249e1d1cbe/SQLAlchemy-2.0.28.tar.gz", hash = "sha256:dd53b6c4e6d960600fd6532b79ee28e2da489322fcf6648738134587faf767b6", size = 9531010, upload-time = "2024-03-04T13:41:14.455Z" }
wheels = [
    { url = "https://files.pythonhosted.org/packages/e1/54/f0a30f8609b9675d2942ff5111a046adb534ca58c30ae6791b037a0a9ebd/SQLAlchemy-2.0.28-cp312-cp312-macosx_10_9_x86_64.whl", hash = "sha256:d3499008ddec83127ab286c6f6ec82a34f39c9817f020f75eca96155f9765097", size = 2080279, upload-time = "2024-03-04T13:54:34.416Z" },
    { url = "https://files.pythonhosted.org/packages/8a/f0/62398a94d8daf10d833e9afa0b1c1dd43396197f2f0f6f4b9112675c1e1d/SQLAlchemy-2.0.28-cp312-cp312-macosx_11_0_arm64.whl", hash = "sha256:9b66fcd38659cab5d29e8de5409cdf91e9986817703e1078b2fdaad731ea66f5", size = 2072953, upload-time = "2024-03-04T13:54:36.669Z" },
    { url = "https://files.pythonhosted.org/packages/e5/48/9208b40bca707266244558e297d6bdcf9a41e292a1f153970c9c0e814263/SQLAlchemy-2.0.28-cp312-cp312-manylinux_2_17_aarch64.manylinux2014_aarch64.whl", hash = "sha256:bea30da1e76cb1acc5b72e204a920a3a7678d9d52f688f087dc08e54e2754c67", size = 3222848, upload-time = "2024-03-04T15:24:55.217Z" },
    { url = "https://files.pythonhosted.org/packages/95/bf/e5ea74092f1064d835bd199063dc08a4339f8ea211fe687f15e25bf639dc/SQLAlchemy-2.0.28-cp312-cp312-manylinux_2_17_x86_64.manylinux2014_x86_64.whl", hash = "sha256:124202b4e0edea7f08a4db8c81cc7859012f90a0d14ba2bf07c099aff6e96462", size = 3233389, upload-time = "2024-03-04T13:58:30.196Z" },
    { url = "https://files.pythonhosted.org/packages/33/42/ebe1a2264df28d49ec4fb39e5e2dd051d9293dab67e2e51b205a7852eeca/SQLAlchemy-2.0.28-cp312-cp312-musllinux_1_1_aarch64.whl", hash = "sha256:e23b88c69497a6322b5796c0781400692eca1ae5532821b39ce81a48c395aae9", size = 3226977, upload-time = "2024-03-04T15:24:57.951Z" },
    { url = "https://files.pythonhosted.org/packages/01/4d/053f35edea574ee5208ce7d9fe9047678b5578d1d216167b4ac3ae5c6a36/SQLAlchemy-2.0.28-cp312-cp312-musllinux_1_1_x86_64.whl", hash = "sha256:4b6303bfd78fb3221847723104d152e5972c22367ff66edf09120fcde5ddc2e2", size = 3232787, upload-time = "2024-03-04T13:58:33.027Z" },
    { url = "https://files.pythonhosted.org/packages/bc/c6/bd03f3feeb80a0147acc801b9b9adbef7a61637f3555c9bd34a38320af67/SQLAlchemy-2.0.28-cp312-cp312-win32.whl", hash = "sha256:a921002be69ac3ab2cf0c3017c4e6a3377f800f1fca7f254c13b5f1a2f10022c", size = 2046685, upload-time = "2024-03-04T14:02:48.792Z" },
    { url = "https://files.pythonhosted.org/packages/a8/e9/7f21d2de6cd84923180af0d4a1dd02fd53f2adbc1064e9cabd8beb0553a8/SQLAlchemy-2.0.28-cp312-cp312-win_amd64.whl", hash = "sha256:b4a2cf92995635b64876dc141af0ef089c6eea7e05898d8d8865e71a326c0385", size = 2072181, upload-time = "2024-03-04T14:02:51.269Z" },
    { url = "https://files.pythonhosted.org/packages/b2/a4/9d9666859613a72b2ad793783309aa7cf4e76d79728875397010f2166248/SQLAlchemy-2.0.28-py3-none-any.whl", hash = "sha256:78bb7e8da0183a8301352d569900d9d3594c48ac21dc1c2ec6b3121ed8b6c986", size = 1869428, upload-time = "2024-03-04T14:06:00.646Z" },
]

[[package]]
name = "starlette"
version = "0.36.3"
source = { registry = "https://pypi.org/simple" }
dependencies = [
    { name = "anyio" },
]
sdist = { url = "https://files.pythonhosted.org/packages/be/47/1bba49d42d63f4453f0a64a20acbf2d0bd2f5a8cde6a166ee66c074a08f8/starlette-0.36.3.tar.gz", hash = "sha256:90a671733cfb35771d8cc605e0b679d23b992f8dcfad48cc60b38cb29aeb7080", size = 2842113, upload-time = "2024-02-04T18:16:24.95Z" }
wheels = [
    { url = "https://files.pythonhosted.org/packages/eb/f7/372e3953b6e6fbfe0b70a1bb52612eae16e943f4288516480860fcd4ac41/starlette-0.36.3-py3-none-any.whl", hash = "sha256:13d429aa93a61dc40bf503e8c801db1f1bca3dc706b10ef2434a36123568f044", size = 71481, upload-time = "2024-02-04T18:16:21.392Z" },
]

[[package]]
name = "typing-extensions"
version = "4.15.0"
source = { registry = "https://pypi.org/simple" }
sdist = { url = "https://files.pythonhosted.org/packages/72/94/1a15dd82efb362ac84269196e94cf00f187f7ed21c242792a923cdb1c61f/typing_extensions-4.15.0.tar.gz", hash = "sha256:0cea48d173cc12fa28ecabc3b837ea3cf6f38c6d1136f85cbaaf598984861466", size = 109391, upload-time = "2025-08-25T13:49:26.313Z" }
wheels = [
    { url = "https://files.pythonhosted.org/packages/18/67/36e9267722cc04a6b9f15c7f3441c2363321a3ea07da7ae0c0707beb2a9c/typing_extensions-4.15.0-py3-none-any.whl", hash = "sha256:f0fa19c6845758ab08074a0cfa8b7aecb71c999ca73d62883bc25cc018c4e548", size = 44614, upload-time = "2025-08-25T13:49:24.86Z" },
]
